// !$*UTF8*$!
{
	archiveVersion = 1;
	classes = {
	};
	objectVersion = 56;
	objects = {

/* Begin PBXBuildFile section */
		225F87552B4D9166008D5FD7 /* AVFoundationPickyCameraIssueApp.swift in Sources */ = {isa = PBXBuildFile; fileRef = 225F87542B4D9166008D5FD7 /* AVFoundationPickyCameraIssueApp.swift */; };
		225F87572B4D9166008D5FD7 /* MainView.swift in Sources */ = {isa = PBXBuildFile; fileRef = 225F87562B4D9166008D5FD7 /* MainView.swift */; };
		225F87592B4D9167008D5FD7 /* Assets.xcassets in Resources */ = {isa = PBXBuildFile; fileRef = 225F87582B4D9167008D5FD7 /* Assets.xcassets */; };
		225F875D2B4D9167008D5FD7 /* Preview Assets.xcassets in Resources */ = {isa = PBXBuildFile; fileRef = 225F875C2B4D9167008D5FD7 /* Preview Assets.xcassets */; };
		225F87652B4D9209008D5FD7 /* AppCameraSession.swift in Sources */ = {isa = PBXBuildFile; fileRef = 225F87642B4D9209008D5FD7 /* AppCameraSession.swift */; };
		225F87682B4D92A8008D5FD7 /* AppLogger.swift in Sources */ = {isa = PBXBuildFile; fileRef = 225F87672B4D92A8008D5FD7 /* AppLogger.swift */; };
		225F876A2B4D9321008D5FD7 /* CamAuthorization.swift in Sources */ = {isa = PBXBuildFile; fileRef = 225F87692B4D9321008D5FD7 /* CamAuthorization.swift */; };
		225F87712B4D94C9008D5FD7 /* MetalView.swift in Sources */ = {isa = PBXBuildFile; fileRef = 225F876E2B4D94C9008D5FD7 /* MetalView.swift */; };
		225F87722B4D94C9008D5FD7 /* MetalRenderer.swift in Sources */ = {isa = PBXBuildFile; fileRef = 225F876F2B4D94C9008D5FD7 /* MetalRenderer.swift */; };
		225F87732B4D94CA008D5FD7 /* ViewRepresentable.swift in Sources */ = {isa = PBXBuildFile; fileRef = 225F87702B4D94C9008D5FD7 /* ViewRepresentable.swift */; };
		225F87752B4D96FC008D5FD7 /* MainViewModel.swift in Sources */ = {isa = PBXBuildFile; fileRef = 225F87742B4D96FC008D5FD7 /* MainViewModel.swift */; };
		225F87772B4D9760008D5FD7 /* CameraSettings.swift in Sources */ = {isa = PBXBuildFile; fileRef = 225F87762B4D9760008D5FD7 /* CameraSettings.swift */; };
		225F87792B4D9C1B008D5FD7 /* CameraProcessor.swift in Sources */ = {isa = PBXBuildFile; fileRef = 225F87782B4D9C1B008D5FD7 /* CameraProcessor.swift */; };
/* End PBXBuildFile section */

/* Begin PBXFileReference section */
		225F87512B4D9166008D5FD7 /* AVFoundationPickyCameraIssue.app */ = {isa = PBXFileReference; explicitFileType = wrapper.application; includeInIndex = 0; path = AVFoundationPickyCameraIssue.app; sourceTree = BUILT_PRODUCTS_DIR; };
		225F87542B4D9166008D5FD7 /* AVFoundationPickyCameraIssueApp.swift */ = {isa = PBXFileReference; lastKnownFileType = sourcecode.swift; path = AVFoundationPickyCameraIssueApp.swift; sourceTree = "<group>"; };
		225F87562B4D9166008D5FD7 /* MainView.swift */ = {isa = PBXFileReference; lastKnownFileType = sourcecode.swift; path = MainView.swift; sourceTree = "<group>"; };
		225F87582B4D9167008D5FD7 /* Assets.xcassets */ = {isa = PBXFileReference; lastKnownFileType = folder.assetcatalog; path = Assets.xcassets; sourceTree = "<group>"; };
		225F875A2B4D9167008D5FD7 /* AVFoundationPickyCameraIssue.entitlements */ = {isa = PBXFileReference; lastKnownFileType = text.plist.entitlements; path = AVFoundationPickyCameraIssue.entitlements; sourceTree = "<group>"; };
		225F875C2B4D9167008D5FD7 /* Preview Assets.xcassets */ = {isa = PBXFileReference; lastKnownFileType = folder.assetcatalog; path = "Preview Assets.xcassets"; sourceTree = "<group>"; };
		225F87642B4D9209008D5FD7 /* AppCameraSession.swift */ = {isa = PBXFileReference; lastKnownFileType = sourcecode.swift; path = AppCameraSession.swift; sourceTree = "<group>"; };
		225F87672B4D92A8008D5FD7 /* AppLogger.swift */ = {isa = PBXFileReference; lastKnownFileType = sourcecode.swift; path = AppLogger.swift; sourceTree = "<group>"; };
		225F87692B4D9321008D5FD7 /* CamAuthorization.swift */ = {isa = PBXFileReference; lastKnownFileType = sourcecode.swift; path = CamAuthorization.swift; sourceTree = "<group>"; };
		225F876E2B4D94C9008D5FD7 /* MetalView.swift */ = {isa = PBXFileReference; fileEncoding = 4; lastKnownFileType = sourcecode.swift; path = MetalView.swift; sourceTree = "<group>"; };
		225F876F2B4D94C9008D5FD7 /* MetalRenderer.swift */ = {isa = PBXFileReference; fileEncoding = 4; lastKnownFileType = sourcecode.swift; path = MetalRenderer.swift; sourceTree = "<group>"; };
		225F87702B4D94C9008D5FD7 /* ViewRepresentable.swift */ = {isa = PBXFileReference; fileEncoding = 4; lastKnownFileType = sourcecode.swift; path = ViewRepresentable.swift; sourceTree = "<group>"; };
		225F87742B4D96FC008D5FD7 /* MainViewModel.swift */ = {isa = PBXFileReference; lastKnownFileType = sourcecode.swift; path = MainViewModel.swift; sourceTree = "<group>"; };
		225F87762B4D9760008D5FD7 /* CameraSettings.swift */ = {isa = PBXFileReference; lastKnownFileType = sourcecode.swift; path = CameraSettings.swift; sourceTree = "<group>"; };
		225F87782B4D9C1B008D5FD7 /* CameraProcessor.swift */ = {isa = PBXFileReference; lastKnownFileType = sourcecode.swift; path = CameraProcessor.swift; sourceTree = "<group>"; };
/* End PBXFileReference section */

/* Begin PBXFrameworksBuildPhase section */
		225F874E2B4D9166008D5FD7 /* Frameworks */ = {
			isa = PBXFrameworksBuildPhase;
			buildActionMask = 2147483647;
			files = (
			);
			runOnlyForDeploymentPostprocessing = 0;
		};
/* End PBXFrameworksBuildPhase section */

/* Begin PBXGroup section */
		225F87482B4D9166008D5FD7 = {
			isa = PBXGroup;
			children = (
				225F87532B4D9166008D5FD7 /* AVFoundationPickyCameraIssue */,
				225F87522B4D9166008D5FD7 /* Products */,
			);
			sourceTree = "<group>";
		};
		225F87522B4D9166008D5FD7 /* Products */ = {
			isa = PBXGroup;
			children = (
				225F87512B4D9166008D5FD7 /* AVFoundationPickyCameraIssue.app */,
			);
			name = Products;
			sourceTree = "<group>";
		};
		225F87532B4D9166008D5FD7 /* AVFoundationPickyCameraIssue */ = {
			isa = PBXGroup;
			children = (
				225F87662B4D92A1008D5FD7 /* Utils */,
				225F87632B4D9201008D5FD7 /* Camera */,
				225F87542B4D9166008D5FD7 /* AVFoundationPickyCameraIssueApp.swift */,
				225F87562B4D9166008D5FD7 /* MainView.swift */,
				225F87742B4D96FC008D5FD7 /* MainViewModel.swift */,
				225F87582B4D9167008D5FD7 /* Assets.xcassets */,
				225F875A2B4D9167008D5FD7 /* AVFoundationPickyCameraIssue.entitlements */,
				225F875B2B4D9167008D5FD7 /* Preview Content */,
			);
			path = AVFoundationPickyCameraIssue;
			sourceTree = "<group>";
		};
		225F875B2B4D9167008D5FD7 /* Preview Content */ = {
			isa = PBXGroup;
			children = (
				225F875C2B4D9167008D5FD7 /* Preview Assets.xcassets */,
			);
			path = "Preview Content";
			sourceTree = "<group>";
		};
		225F87632B4D9201008D5FD7 /* Camera */ = {
			isa = PBXGroup;
			children = (
				225F876D2B4D94BF008D5FD7 /* Metal */,
				225F87642B4D9209008D5FD7 /* AppCameraSession.swift */,
				225F87762B4D9760008D5FD7 /* CameraSettings.swift */,
				225F87782B4D9C1B008D5FD7 /* CameraProcessor.swift */,
			);
			path = Camera;
			sourceTree = "<group>";
		};
		225F87662B4D92A1008D5FD7 /* Utils */ = {
			isa = PBXGroup;
			children = (
				225F87672B4D92A8008D5FD7 /* AppLogger.swift */,
				225F87692B4D9321008D5FD7 /* CamAuthorization.swift */,
			);
			path = Utils;
			sourceTree = "<group>";
		};
		225F876D2B4D94BF008D5FD7 /* Metal */ = {
			isa = PBXGroup;
			children = (
				225F876F2B4D94C9008D5FD7 /* MetalRenderer.swift */,
				225F876E2B4D94C9008D5FD7 /* MetalView.swift */,
				225F87702B4D94C9008D5FD7 /* ViewRepresentable.swift */,
			);
			path = Metal;
			sourceTree = "<group>";
		};
/* End PBXGroup section */

/* Begin PBXNativeTarget section */
		225F87502B4D9166008D5FD7 /* AVFoundationPickyCameraIssue */ = {
			isa = PBXNativeTarget;
			buildConfigurationList = 225F87602B4D9167008D5FD7 /* Build configuration list for PBXNativeTarget "AVFoundationPickyCameraIssue" */;
			buildPhases = (
				225F874D2B4D9166008D5FD7 /* Sources */,
				225F874E2B4D9166008D5FD7 /* Frameworks */,
				225F874F2B4D9166008D5FD7 /* Resources */,
			);
			buildRules = (
			);
			dependencies = (
			);
			name = AVFoundationPickyCameraIssue;
			productName = AVFoundationPickyCameraIssue;
			productReference = 225F87512B4D9166008D5FD7 /* AVFoundationPickyCameraIssue.app */;
			productType = "com.apple.product-type.application";
		};
/* End PBXNativeTarget section */

/* Begin PBXProject section */
		225F87492B4D9166008D5FD7 /* Project object */ = {
			isa = PBXProject;
			attributes = {
				BuildIndependentTargetsInParallel = 1;
				LastSwiftUpdateCheck = 1510;
				LastUpgradeCheck = 1510;
				TargetAttributes = {
					225F87502B4D9166008D5FD7 = {
						CreatedOnToolsVersion = 15.1;
					};
				};
			};
			buildConfigurationList = 225F874C2B4D9166008D5FD7 /* Build configuration list for PBXProject "AVFoundationPickyCameraIssue" */;
			compatibilityVersion = "Xcode 14.0";
			developmentRegion = en;
			hasScannedForEncodings = 0;
			knownRegions = (
				en,
				Base,
			);
			mainGroup = 225F87482B4D9166008D5FD7;
			productRefGroup = 225F87522B4D9166008D5FD7 /* Products */;
			projectDirPath = "";
			projectRoot = "";
			targets = (
				225F87502B4D9166008D5FD7 /* AVFoundationPickyCameraIssue */,
			);
		};
/* End PBXProject section */

/* Begin PBXResourcesBuildPhase section */
		225F874F2B4D9166008D5FD7 /* Resources */ = {
			isa = PBXResourcesBuildPhase;
			buildActionMask = 2147483647;
			files = (
				225F875D2B4D9167008D5FD7 /* Preview Assets.xcassets in Resources */,
				225F87592B4D9167008D5FD7 /* Assets.xcassets in Resources */,
			);
			runOnlyForDeploymentPostprocessing = 0;
		};
/* End PBXResourcesBuildPhase section */

/* Begin PBXSourcesBuildPhase section */
		225F874D2B4D9166008D5FD7 /* Sources */ = {
			isa = PBXSourcesBuildPhase;
			buildActionMask = 2147483647;
			files = (
				225F87712B4D94C9008D5FD7 /* MetalView.swift in Sources */,
				225F87732B4D94CA008D5FD7 /* ViewRepresentable.swift in Sources */,
				225F87572B4D9166008D5FD7 /* MainView.swift in Sources */,
				225F87722B4D94C9008D5FD7 /* MetalRenderer.swift in Sources */,
				225F87552B4D9166008D5FD7 /* AVFoundationPickyCameraIssueApp.swift in Sources */,
				225F87772B4D9760008D5FD7 /* CameraSettings.swift in Sources */,
				225F87652B4D9209008D5FD7 /* AppCameraSession.swift in Sources */,
				225F87682B4D92A8008D5FD7 /* AppLogger.swift in Sources */,
				225F876A2B4D9321008D5FD7 /* CamAuthorization.swift in Sources */,
				225F87792B4D9C1B008D5FD7 /* CameraProcessor.swift in Sources */,
				225F87752B4D96FC008D5FD7 /* MainViewModel.swift in Sources */,
			);
			runOnlyForDeploymentPostprocessing = 0;
		};
/* End PBXSourcesBuildPhase section */

/* Begin XCBuildConfiguration section */
		225F875E2B4D9167008D5FD7 /* Debug */ = {
			isa = XCBuildConfiguration;
			buildSettings = {
				ALWAYS_SEARCH_USER_PATHS = NO;
				ASSETCATALOG_COMPILER_GENERATE_SWIFT_ASSET_SYMBOL_EXTENSIONS = YES;
				CLANG_ANALYZER_NONNULL = YES;
				CLANG_ANALYZER_NUMBER_OBJECT_CONVERSION = YES_AGGRESSIVE;
				CLANG_CXX_LANGUAGE_STANDARD = "gnu++20";
				CLANG_ENABLE_MODULES = YES;
				CLANG_ENABLE_OBJC_ARC = YES;
				CLANG_ENABLE_OBJC_WEAK = YES;
				CLANG_WARN_BLOCK_CAPTURE_AUTORELEASING = YES;
				CLANG_WARN_BOOL_CONVERSION = YES;
				CLANG_WARN_COMMA = YES;
				CLANG_WARN_CONSTANT_CONVERSION = YES;
				CLANG_WARN_DEPRECATED_OBJC_IMPLEMENTATIONS = YES;
				CLANG_WARN_DIRECT_OBJC_ISA_USAGE = YES_ERROR;
				CLANG_WARN_DOCUMENTATION_COMMENTS = YES;
				CLANG_WARN_EMPTY_BODY = YES;
				CLANG_WARN_ENUM_CONVERSION = YES;
				CLANG_WARN_INFINITE_RECURSION = YES;
				CLANG_WARN_INT_CONVERSION = YES;
				CLANG_WARN_NON_LITERAL_NULL_CONVERSION = YES;
				CLANG_WARN_OBJC_IMPLICIT_RETAIN_SELF = YES;
				CLANG_WARN_OBJC_LITERAL_CONVERSION = YES;
				CLANG_WARN_OBJC_ROOT_CLASS = YES_ERROR;
				CLANG_WARN_QUOTED_INCLUDE_IN_FRAMEWORK_HEADER = YES;
				CLANG_WARN_RANGE_LOOP_ANALYSIS = YES;
				CLANG_WARN_STRICT_PROTOTYPES = YES;
				CLANG_WARN_SUSPICIOUS_MOVE = YES;
				CLANG_WARN_UNGUARDED_AVAILABILITY = YES_AGGRESSIVE;
				CLANG_WARN_UNREACHABLE_CODE = YES;
				CLANG_WARN__DUPLICATE_METHOD_MATCH = YES;
				COPY_PHASE_STRIP = NO;
				DEBUG_INFORMATION_FORMAT = dwarf;
				ENABLE_STRICT_OBJC_MSGSEND = YES;
				ENABLE_TESTABILITY = YES;
				ENABLE_USER_SCRIPT_SANDBOXING = YES;
				GCC_C_LANGUAGE_STANDARD = gnu17;
				GCC_DYNAMIC_NO_PIC = NO;
				GCC_NO_COMMON_BLOCKS = YES;
				GCC_OPTIMIZATION_LEVEL = 0;
				GCC_PREPROCESSOR_DEFINITIONS = (
					"DEBUG=1",
					"$(inherited)",
				);
				GCC_WARN_64_TO_32_BIT_CONVERSION = YES;
				GCC_WARN_ABOUT_RETURN_TYPE = YES_ERROR;
				GCC_WARN_UNDECLARED_SELECTOR = YES;
				GCC_WARN_UNINITIALIZED_AUTOS = YES_AGGRESSIVE;
				GCC_WARN_UNUSED_FUNCTION = YES;
				GCC_WARN_UNUSED_VARIABLE = YES;
				LOCALIZATION_PREFERS_STRING_CATALOGS = YES;
				MTL_ENABLE_DEBUG_INFO = INCLUDE_SOURCE;
				MTL_FAST_MATH = YES;
				ONLY_ACTIVE_ARCH = YES;
				SWIFT_ACTIVE_COMPILATION_CONDITIONS = "DEBUG $(inherited)";
				SWIFT_OPTIMIZATION_LEVEL = "-Onone";
			};
			name = Debug;
		};
		225F875F2B4D9167008D5FD7 /* Release */ = {
			isa = XCBuildConfiguration;
			buildSettings = {
				ALWAYS_SEARCH_USER_PATHS = NO;
				ASSETCATALOG_COMPILER_GENERATE_SWIFT_ASSET_SYMBOL_EXTENSIONS = YES;
				CLANG_ANALYZER_NONNULL = YES;
				CLANG_ANALYZER_NUMBER_OBJECT_CONVERSION = YES_AGGRESSIVE;
				CLANG_CXX_LANGUAGE_STANDARD = "gnu++20";
				CLANG_ENABLE_MODULES = YES;
				CLANG_ENABLE_OBJC_ARC = YES;
				CLANG_ENABLE_OBJC_WEAK = YES;
				CLANG_WARN_BLOCK_CAPTURE_AUTORELEASING = YES;
				CLANG_WARN_BOOL_CONVERSION = YES;
				CLANG_WARN_COMMA = YES;
				CLANG_WARN_CONSTANT_CONVERSION = YES;
				CLANG_WARN_DEPRECATED_OBJC_IMPLEMENTATIONS = YES;
				CLANG_WARN_DIRECT_OBJC_ISA_USAGE = YES_ERROR;
				CLANG_WARN_DOCUMENTATION_COMMENTS = YES;
				CLANG_WARN_EMPTY_BODY = YES;
				CLANG_WARN_ENUM_CONVERSION = YES;
				CLANG_WARN_INFINITE_RECURSION = YES;
				CLANG_WARN_INT_CONVERSION = YES;
				CLANG_WARN_NON_LITERAL_NULL_CONVERSION = YES;
				CLANG_WARN_OBJC_IMPLICIT_RETAIN_SELF = YES;
				CLANG_WARN_OBJC_LITERAL_CONVERSION = YES;
				CLANG_WARN_OBJC_ROOT_CLASS = YES_ERROR;
				CLANG_WARN_QUOTED_INCLUDE_IN_FRAMEWORK_HEADER = YES;
				CLANG_WARN_RANGE_LOOP_ANALYSIS = YES;
				CLANG_WARN_STRICT_PROTOTYPES = YES;
				CLANG_WARN_SUSPICIOUS_MOVE = YES;
				CLANG_WARN_UNGUARDED_AVAILABILITY = YES_AGGRESSIVE;
				CLANG_WARN_UNREACHABLE_CODE = YES;
				CLANG_WARN__DUPLICATE_METHOD_MATCH = YES;
				COPY_PHASE_STRIP = NO;
				DEBUG_INFORMATION_FORMAT = "dwarf-with-dsym";
				ENABLE_NS_ASSERTIONS = NO;
				ENABLE_STRICT_OBJC_MSGSEND = YES;
				ENABLE_USER_SCRIPT_SANDBOXING = YES;
				GCC_C_LANGUAGE_STANDARD = gnu17;
				GCC_NO_COMMON_BLOCKS = YES;
				GCC_WARN_64_TO_32_BIT_CONVERSION = YES;
				GCC_WARN_ABOUT_RETURN_TYPE = YES_ERROR;
				GCC_WARN_UNDECLARED_SELECTOR = YES;
				GCC_WARN_UNINITIALIZED_AUTOS = YES_AGGRESSIVE;
				GCC_WARN_UNUSED_FUNCTION = YES;
				GCC_WARN_UNUSED_VARIABLE = YES;
				LOCALIZATION_PREFERS_STRING_CATALOGS = YES;
				MTL_ENABLE_DEBUG_INFO = NO;
				MTL_FAST_MATH = YES;
				SWIFT_COMPILATION_MODE = wholemodule;
			};
			name = Release;
		};
		225F87612B4D9167008D5FD7 /* Debug */ = {
			isa = XCBuildConfiguration;
			buildSettings = {
				ASSETCATALOG_COMPILER_APPICON_NAME = AppIcon;
				ASSETCATALOG_COMPILER_GLOBAL_ACCENT_COLOR_NAME = AccentColor;
				CODE_SIGN_ENTITLEMENTS = AVFoundationPickyCameraIssue/AVFoundationPickyCameraIssue.entitlements;
				CODE_SIGN_STYLE = Automatic;
				CURRENT_PROJECT_VERSION = 1;
				DEVELOPMENT_ASSET_PATHS = "\"AVFoundationPickyCameraIssue/Preview Content\"";
				DEVELOPMENT_TEAM = 7GB9CHCB87;
				ENABLE_HARDENED_RUNTIME = YES;
				ENABLE_PREVIEWS = YES;
				GENERATE_INFOPLIST_FILE = YES;
				INFOPLIST_KEY_LSApplicationCategoryType = "";
				INFOPLIST_KEY_NSCameraUsageDescription = "";
				INFOPLIST_KEY_NSPhotoLibraryAddUsageDescription = "";
				INFOPLIST_KEY_NSPhotoLibraryUsageDescription = "";
				"INFOPLIST_KEY_UIApplicationSceneManifest_Generation[sdk=iphoneos*]" = YES;
				"INFOPLIST_KEY_UIApplicationSceneManifest_Generation[sdk=iphonesimulator*]" = YES;
				"INFOPLIST_KEY_UIApplicationSupportsIndirectInputEvents[sdk=iphoneos*]" = YES;
				"INFOPLIST_KEY_UIApplicationSupportsIndirectInputEvents[sdk=iphonesimulator*]" = YES;
				"INFOPLIST_KEY_UILaunchScreen_Generation[sdk=iphoneos*]" = YES;
				"INFOPLIST_KEY_UILaunchScreen_Generation[sdk=iphonesimulator*]" = YES;
				"INFOPLIST_KEY_UIStatusBarStyle[sdk=iphoneos*]" = UIStatusBarStyleDefault;
				"INFOPLIST_KEY_UIStatusBarStyle[sdk=iphonesimulator*]" = UIStatusBarStyleDefault;
				INFOPLIST_KEY_UISupportedInterfaceOrientations = UIInterfaceOrientationPortrait;
				INFOPLIST_KEY_UISupportedInterfaceOrientations_iPad = "UIInterfaceOrientationLandscapeLeft UIInterfaceOrientationLandscapeRight UIInterfaceOrientationPortrait UIInterfaceOrientationPortraitUpsideDown";
				IPHONEOS_DEPLOYMENT_TARGET = 16.0;
				LD_RUNPATH_SEARCH_PATHS = "@executable_path/Frameworks";
				"LD_RUNPATH_SEARCH_PATHS[sdk=macosx*]" = "@executable_path/../Frameworks";
				MACOSX_DEPLOYMENT_TARGET = 13.0;
				MARKETING_VERSION = 1.0;
				PRODUCT_BUNDLE_IDENTIFIER = com.juniperphoton.demo.AVFoundationPickyCameraIssue;
				PRODUCT_NAME = "$(TARGET_NAME)";
				SDKROOT = auto;
				SUPPORTED_PLATFORMS = "iphoneos iphonesimulator";
				SUPPORTS_MACCATALYST = NO;
				SWIFT_EMIT_LOC_STRINGS = YES;
				SWIFT_VERSION = 5.0;
				TARGETED_DEVICE_FAMILY = "1,2";
			};
			name = Debug;
		};
		225F87622B4D9167008D5FD7 /* Release */ = {
			isa = XCBuildConfiguration;
			buildSettings = {
				ASSETCATALOG_COMPILER_APPICON_NAME = AppIcon;
				ASSETCATALOG_COMPILER_GLOBAL_ACCENT_COLOR_NAME = AccentColor;
				CODE_SIGN_ENTITLEMENTS = AVFoundationPickyCameraIssue/AVFoundationPickyCameraIssue.entitlements;
				CODE_SIGN_STYLE = Automatic;
				CURRENT_PROJECT_VERSION = 1;
				DEVELOPMENT_ASSET_PATHS = "\"AVFoundationPickyCameraIssue/Preview Content\"";
				DEVELOPMENT_TEAM = 7GB9CHCB87;
				ENABLE_HARDENED_RUNTIME = YES;
				ENABLE_PREVIEWS = YES;
				GENERATE_INFOPLIST_FILE = YES;
				INFOPLIST_KEY_LSApplicationCategoryType = "";
				INFOPLIST_KEY_NSCameraUsageDescription = "";
				INFOPLIST_KEY_NSPhotoLibraryAddUsageDescription = "";
				INFOPLIST_KEY_NSPhotoLibraryUsageDescription = "";
				"INFOPLIST_KEY_UIApplicationSceneManifest_Generation[sdk=iphoneos*]" = YES;
				"INFOPLIST_KEY_UIApplicationSceneManifest_Generation[sdk=iphonesimulator*]" = YES;
				"INFOPLIST_KEY_UIApplicationSupportsIndirectInputEvents[sdk=iphoneos*]" = YES;
				"INFOPLIST_KEY_UIApplicationSupportsIndirectInputEvents[sdk=iphonesimulator*]" = YES;
				"INFOPLIST_KEY_UILaunchScreen_Generation[sdk=iphoneos*]" = YES;
				"INFOPLIST_KEY_UILaunchScreen_Generation[sdk=iphonesimulator*]" = YES;
				"INFOPLIST_KEY_UIStatusBarStyle[sdk=iphoneos*]" = UIStatusBarStyleDefault;
				"INFOPLIST_KEY_UIStatusBarStyle[sdk=iphonesimulator*]" = UIStatusBarStyleDefault;
				INFOPLIST_KEY_UISupportedInterfaceOrientations = UIInterfaceOrientationPortrait;
				INFOPLIST_KEY_UISupportedInterfaceOrientations_iPad = "UIInterfaceOrientationLandscapeLeft UIInterfaceOrientationLandscapeRight UIInterfaceOrientationPortrait UIInterfaceOrientationPortraitUpsideDown";
				IPHONEOS_DEPLOYMENT_TARGET = 16.0;
				LD_RUNPATH_SEARCH_PATHS = "@executable_path/Frameworks";
				"LD_RUNPATH_SEARCH_PATHS[sdk=macosx*]" = "@executable_path/../Frameworks";
				MACOSX_DEPLOYMENT_TARGET = 13.0;
				MARKETING_VERSION = 1.0;
				PRODUCT_BUNDLE_IDENTIFIER = com.juniperphoton.demo.AVFoundationPickyCameraIssue;
				PRODUCT_NAME = "$(TARGET_NAME)";
				SDKROOT = auto;
				SUPPORTED_PLATFORMS = "iphoneos iphonesimulator";
				SUPPORTS_MACCATALYST = NO;
				SWIFT_EMIT_LOC_STRINGS = YES;
				SWIFT_VERSION = 5.0;
				TARGETED_DEVICE_FAMILY = "1,2";
			};
			name = Release;
		};
/* End XCBuildConfiguration section */

/* Begin XCConfigurationList section */
		225F874C2B4D9166008D5FD7 /* Build configuration list for PBXProject "AVFoundationPickyCameraIssue" */ = {
			isa = XCConfigurationList;
			buildConfigurations = (
				225F875E2B4D9167008D5FD7 /* Debug */,
				225F875F2B4D9167008D5FD7 /* Release */,
			);
			defaultConfigurationIsVisible = 0;
			defaultConfigurationName = Release;
		};
		225F87602B4D9167008D5FD7 /* Build configuration list for PBXNativeTarget "AVFoundationPickyCameraIssue" */ = {
			isa = XCConfigurationList;
			buildConfigurations = (
				225F87612B4D9167008D5FD7 /* Debug */,
				225F87622B4D9167008D5FD7 /* Release */,
			);
			defaultConfigurationIsVisible = 0;
			defaultConfigurationName = Release;
		};
/* End XCConfigurationList section */
	};
	rootObject = 225F87492B4D9166008D5FD7 /* Project object */;
}
